{
  "version": "5",
  "remote": {
    "https://edge.netlify.com/": "fd941d61d88673d5f28aab283fb86fcc50f08a3bc80ee5470498fcfa88c65cfb",
    "https://edge.netlify.com/bootstrap/config.ts": "6a2ce0e544e15e8f8883a5c18da5948e37fd0f2619f68cb31f3af53c51817025",
    "https://edge.netlify.com/bootstrap/context.ts": "e97240232121e2f369f6546ce961490f34d961ea1ea54be3ff09633e3f08373f",
    "https://edge.netlify.com/bootstrap/cookie.ts": "8b0baae708989ca183c6f3b4ab3d029e6abcbc2e43f93edeb0ff447b3bbc3a05",
    "https://edge.netlify.com/bootstrap/edge_function.ts": "b8253e86aa83c67341f5cfedeba5049d77fbf84dcab7eceff7566b7728ae9b39",
    "https://edge.netlify.com/bootstrap/globals/types.ts": "eaa6148ded3121d8dee62dd91c86e7fe76601df0f3ca8d7962243a30f4c8935f"
  },
  "workspace": {
    "packageJson": {
      "dependencies": [
        "npm:@aws-sdk/client-s3@^3.964.0",
        "npm:@aws-sdk/s3-request-presigner@^3.964.0",
        "npm:@dnd-kit/core@^6.3.1",
        "npm:@dnd-kit/sortable@10",
        "npm:@dnd-kit/utilities@^3.2.2",
        "npm:@floating-ui/react@0.26.0",
        "npm:@headlessui/react@1.7.18",
        "npm:@hookform/resolvers@3.9.0",
        "npm:@next-auth/prisma-adapter@1.0.7",
        "npm:@prisma/client@6.7.0",
        "npm:@radix-ui/react-accordion@1.2.0",
        "npm:@radix-ui/react-alert-dialog@1.1.1",
        "npm:@radix-ui/react-aspect-ratio@1.1.0",
        "npm:@radix-ui/react-avatar@1.1.0",
        "npm:@radix-ui/react-checkbox@1.1.1",
        "npm:@radix-ui/react-collapsible@1.1.0",
        "npm:@radix-ui/react-context-menu@2.2.1",
        "npm:@radix-ui/react-dialog@1.1.1",
        "npm:@radix-ui/react-dropdown-menu@2.1.1",
        "npm:@radix-ui/react-hover-card@1.1.1",
        "npm:@radix-ui/react-label@2.1.0",
        "npm:@radix-ui/react-menubar@1.1.1",
        "npm:@radix-ui/react-navigation-menu@1.2.0",
        "npm:@radix-ui/react-popover@1.1.1",
        "npm:@radix-ui/react-progress@1.1.0",
        "npm:@radix-ui/react-radio-group@1.2.0",
        "npm:@radix-ui/react-scroll-area@1.1.0",
        "npm:@radix-ui/react-select@2.1.1",
        "npm:@radix-ui/react-separator@1.1.0",
        "npm:@radix-ui/react-slider@1.2.0",
        "npm:@radix-ui/react-slot@1.1.0",
        "npm:@radix-ui/react-switch@1.1.0",
        "npm:@radix-ui/react-tabs@1.1.0",
        "npm:@radix-ui/react-toast@1.2.1",
        "npm:@radix-ui/react-toggle-group@1.1.0",
        "npm:@radix-ui/react-toggle@1.1.0",
        "npm:@radix-ui/react-tooltip@1.1.2",
        "npm:@react-pdf-viewer/core@^3.12.0",
        "npm:@react-pdf-viewer/default-layout@^3.12.0",
        "npm:@react-pdf-viewer/page-navigation@^3.12.0",
        "npm:@react-pdf-viewer/toolbar@^3.12.0",
        "npm:@sparticuz/chromium@141",
        "npm:@tailwindcss/typography@~0.5.19",
        "npm:@tanstack/react-query@5.0.0",
        "npm:@tiptap/core@^3.13.0",
        "npm:@tiptap/extension-color@^3.13.0",
        "npm:@tiptap/extension-font-family@^3.15.3",
        "npm:@tiptap/extension-highlight@^3.13.0",
        "npm:@tiptap/extension-horizontal-rule@^3.13.0",
        "npm:@tiptap/extension-image@^3.13.0",
        "npm:@tiptap/extension-link@^3.13.0",
        "npm:@tiptap/extension-placeholder@^3.10.7",
        "npm:@tiptap/extension-text-align@^3.13.0",
        "npm:@tiptap/extension-text-style@^3.13.0",
        "npm:@tiptap/extension-underline@^3.15.3",
        "npm:@tiptap/extension-youtube@^3.15.3",
        "npm:@tiptap/pm@^3.13.0",
        "npm:@tiptap/react@^3.13.0",
        "npm:@tiptap/starter-kit@^3.10.7",
        "npm:@types/bcryptjs@3",
        "npm:@types/dompurify@^3.2.0",
        "npm:@types/jest@30",
        "npm:@types/jsonwebtoken@^9.0.10",
        "npm:@types/node-cron@^3.0.11",
        "npm:@types/node@^20.17.30",
        "npm:@types/nodemailer@^6.4.17",
        "npm:@types/plotly.js@2.35.5",
        "npm:@types/qrcode@^1.5.6",
        "npm:@types/react-beautiful-dnd@13",
        "npm:@types/react-dom@18.3.0",
        "npm:@types/react-plotly.js@2.6.3",
        "npm:@types/react@18.3.1",
        "npm:@types/sanitize-html@^2.16.0",
        "npm:@types/web-push@^3.6.4",
        "npm:@typescript-eslint/eslint-plugin@6.21.0",
        "npm:@typescript-eslint/parser@6.21.0",
        "npm:@upstash/redis@^1.35.6",
        "npm:autoprefixer@10.4.15",
        "npm:bcryptjs@^3.0.2",
        "npm:canvas@^3.2.3",
        "npm:chart.js@4.4.9",
        "npm:class-variance-authority@0.7.0",
        "npm:clsx@2.1.1",
        "npm:cmdk@1.0.0",
        "npm:cookie@1.0.2",
        "npm:csv@6.3.11",
        "npm:date-fns@3.6.0",
        "npm:dayjs@1.11.13",
        "npm:docx-preview@~0.3.7",
        "npm:docx@^9.7.1",
        "npm:dompurify@^3.4.2",
        "npm:dotenv@16.5.0",
        "npm:embla-carousel-react@8.3.0",
        "npm:epubjs@~0.3.93",
        "npm:eslint-config-next@14.2.28",
        "npm:eslint-plugin-prettier@5.1.3",
        "npm:eslint-plugin-react-hooks@4.6.2",
        "npm:eslint@8.57.1",
        "npm:exceljs@^4.4.0",
        "npm:formik@2.4.5",
        "npm:framer-motion@^12.23.24",
        "npm:gray-matter@4.0.3",
        "npm:input-otp@1.2.4",
        "npm:jest-environment-node@^30.3.0",
        "npm:jest@^30.3.0",
        "npm:jose@^6.1.0",
        "npm:jotai@2.6.0",
        "npm:jsonwebtoken@^9.0.2",
        "npm:jspdf-autotable@^5.0.2",
        "npm:jspdf@^3.0.4",
        "npm:jszip@^3.10.1",
        "npm:lodash@4.17.21",
        "npm:lucide-react@0.553",
        "npm:mapbox-gl@1.13.3",
        "npm:next-auth@4.24.11",
        "npm:next-themes@0.3.0",
        "npm:next@14.2.28",
        "npm:node-cron@^4.2.1",
        "npm:nodemailer@^6.9.14",
        "npm:novel@^1.0.2",
        "npm:otplib@^12.0.1",
        "npm:pdf-lib@^1.17.1",
        "npm:pdf-parse@^2.4.5",
        "npm:pdfjs-dist@3.11.174",
        "npm:plotly.js@2.35.3",
        "npm:postcss@8.4.30",
        "npm:prisma@6.7.0",
        "npm:puppeteer-core@^24.28.0",
        "npm:qrcode@^1.5.4",
        "npm:quill@^2.0.3",
        "npm:react-beautiful-dnd@^13.1.1",
        "npm:react-chartjs-2@5.3.0",
        "npm:react-datepicker@6.1.0",
        "npm:react-day-picker@8.10.1",
        "npm:react-dom@18.2.0",
        "npm:react-hook-form@7.53.0",
        "npm:react-hot-toast@2.4.1",
        "npm:react-intersection-observer@10",
        "npm:react-is@18.3.1",
        "npm:react-pageflip@^2.0.3",
        "npm:react-plotly.js@2.6.0",
        "npm:react-quill@2",
        "npm:react-resizable-panels@2.1.3",
        "npm:react-select@5.8.0",
        "npm:react-use@17.6.0",
        "npm:react@18.2.0",
        "npm:recharts@^3.3.0",
        "npm:sanitize-html@^2.17.0",
        "npm:sharp@~0.34.5",
        "npm:sonner@1.5.0",
        "npm:swr@2.2.4",
        "npm:tailwind-merge@2.5.2",
        "npm:tailwind-scrollbar-hide@1.1.7",
        "npm:tailwindcss-animate@1.0.7",
        "npm:tailwindcss@3.3.3",
        "npm:tesseract.js@^5.1.1",
        "npm:ts-jest@^29.4.9",
        "npm:ts-node@10.9.2",
        "npm:tsx@4.20.3",
        "npm:typescript@5.2.2",
        "npm:vaul@0.9.9",
        "npm:web-push@^3.6.7",
        "npm:webpack@5.99.5",
        "npm:yup@1.3.0",
        "npm:zod@3.23.8",
        "npm:zustand@5.0.3"
      ]
    }
  }
}
